<?xml version="1.0" encoding="utf-8"?>
<Project ToolsVersion="4.0" xmlns="http://schemas.microsoft.com/developer/msbuild/2003">
  <ItemGroup>
    <Filter Include="ServerCore">
      <UniqueIdentifier>{6d65d93c-75f7-4920-80d4-b5df07089d42}</UniqueIdentifier>
    </Filter>
    <Filter Include="Thread">
      <UniqueIdentifier>{a2a386c4-a210-4a37-910d-1e83f5850e9f}</UniqueIdentifier>
    </Filter>
    <Filter Include="Protocol">
      <UniqueIdentifier>{aa0370dc-3612-40ca-952b-4ecd69ce9438}</UniqueIdentifier>
    </Filter>
    <Filter Include="Game">
      <UniqueIdentifier>{2841e129-bc01-4d43-8dc9-4ee30d4fb461}</UniqueIdentifier>
    </Filter>
  </ItemGroup>
  <ItemGroup>
    <ClCompile Include="ServerCore.cpp">
      <Filter>ServerCore</Filter>
    </ClCompile>
    <ClCompile Include="Main.cpp" />
    <ClCompile Include="IOThread.cpp">
      <Filter>Thread</Filter>
    </ClCompile>
    <ClCompile Include="GameThread.cpp">
      <Filter>Thread</Filter>
    </ClCompile>
    <ClCompile Include="IODispatcher.cpp" />
    <ClCompile Include="PacketFactory.cpp">
      <Filter>Protocol</Filter>
    </ClCompile>
    <ClCompile Include="GameObject.cpp">
      <Filter>Game</Filter>
    </ClCompile>
    <ClCompile Include="ObjectManager.cpp">
      <Filter>Game</Filter>
    </ClCompile>
    <ClCompile Include="Character.cpp">
      <Filter>Game</Filter>
    </ClCompile>
  </ItemGroup>
  <ItemGroup>
    <ClInclude Include="ServerCore.h">
      <Filter>ServerCore</Filter>
    </ClInclude>
    <ClInclude Include="IOThread.h">
      <Filter>Thread</Filter>
    </ClInclude>
    <ClInclude Include="GameThread.h">
      <Filter>Thread</Filter>
    </ClInclude>
    <ClInclude Include="IODispatcher.h" />
    <ClInclude Include="protocol.h">
      <Filter>Protocol</Filter>
    </ClInclude>
    <ClInclude Include="PacketFactory.h">
      <Filter>Protocol</Filter>
    </ClInclude>
    <ClInclude Include="GameObject.h">
      <Filter>Game</Filter>
    </ClInclude>
    <ClInclude Include="ObjectManager.h">
      <Filter>Game</Filter>
    </ClInclude>
    <ClInclude Include="Character.h">
      <Filter>Game</Filter>
    </ClInclude>
  </ItemGroup>
</Project>